
Microsoft Visual Studio Solution File, Format Version 12.00
# Visual Studio Version 17
VisualStudioVersion = 17.3.32804.467
MinimumVisualStudioVersion = 10.0.40219.1
Project("{FAE04EC0-301F-11D3-BF4B-00C04F79EFBC}") = "Welcome", "Welcome\Welcome.csproj", "{B933787D-F1F4-4084-86A6-36B8F62BD0C6}"
EndProject
Global
	GlobalSection(SolutionConfigurationPlatforms) = preSolution
		Debug|Any CPU = Debug|Any CPU
		Release|Any CPU = Release|Any CPU
	EndGlobalSection
	GlobalSection(ProjectConfigurationPlatforms) = postSolution
		{B933787D-F1F4-4084-86A6-36B8F62BD0C6}.Debug|Any CPU.ActiveCfg = Debug|Any CPU
		{B933787D-F1F4-4084-86A6-36B8F62BD0C6}.Debug|Any CPU.Build.0 = Debug|Any CPU
		{B933787D-F1F4-4084-86A6-36B8F62BD0C6}.Release|Any CPU.ActiveCfg = Release|Any CPU
		{B933787D-F1F4-4084-86A6-36B8F62BD0C6}.Release|Any CPU.Build.0 = Release|Any CPU
	EndGlobalSection
	GlobalSection(SolutionProperties) = preSolution
		HideSolutionNode = FALSE
	EndGlobalSection
	GlobalSection(ExtensibilityGlobals) = postSolution
		SolutionGuid = {CADA9644-EDE4-4708-8C8B-BD55A1A849DA}
	EndGlobalSection
EndGlobal
